
Microsoft Visual Studio Solution File, Format Version 12.00
# Visual Studio Version 17
VisualStudioVersion = 17.5.33516.290
MinimumVisualStudioVersion = 10.0.40219.1
Project("{9A19103F-16F7-4668-BE54-9A1E7A4F7556}") = "MathTool", "MathTool\MathTool.csproj", "{EBAAA89B-A1F7-4969-AF4E-4F79F4D1BAB9}"
EndProject
Global
	GlobalSection(SolutionConfigurationPlatforms) = preSolution
		Debug|Any CPU = Debug|Any CPU
		Release|Any CPU = Release|Any CPU
	EndGlobalSection
	GlobalSection(ProjectConfigurationPlatforms) = postSolution
		{EBAAA89B-A1F7-4969-AF4E-4F79F4D1BAB9}.Debug|Any CPU.ActiveCfg = Debug|Any CPU
		{EBAAA89B-A1F7-4969-AF4E-4F79F4D1BAB9}.Debug|Any CPU.Build.0 = Debug|Any CPU
		{EBAAA89B-A1F7-4969-AF4E-4F79F4D1BAB9}.Release|Any CPU.ActiveCfg = Release|Any CPU
		{EBAAA89B-A1F7-4969-AF4E-4F79F4D1BAB9}.Release|Any CPU.Build.0 = Release|Any CPU
	EndGlobalSection
	GlobalSection(SolutionProperties) = preSolution
		HideSolutionNode = FALSE
	EndGlobalSection
	GlobalSection(ExtensibilityGlobals) = postSolution
		SolutionGuid = {75469E1A-83A7-44DE-BCDD-BB2C26A210DF}
	EndGlobalSection
EndGlobal
